
Microsoft Visual Studio Solution File, Format Version 12.00
# Visual Studio 15
VisualStudioVersion = 15.0.28307.106
MinimumVisualStudioVersion = 10.0.40219.1
Project("{FAE04EC0-301F-11D3-BF4B-00C04F79EFBC}") = "SCHOOL-QDMS", "SCHOOL-QDMS\SCHOOL-QDMS.csproj", "{653DA03B-E2ED-4924-832E-C0D60643DF4F}"
EndProject
Global
	GlobalSection(SolutionConfigurationPlatforms) = preSolution
		Debug|Any CPU = Debug|Any CPU
		Release|Any CPU = Release|Any CPU
	EndGlobalSection
	GlobalSection(ProjectConfigurationPlatforms) = postSolution
		{653DA03B-E2ED-4924-832E-C0D60643DF4F}.Debug|Any CPU.ActiveCfg = Debug|Any CPU
		{653DA03B-E2ED-4924-832E-C0D60643DF4F}.Debug|Any CPU.Build.0 = Debug|Any CPU
		{653DA03B-E2ED-4924-832E-C0D60643DF4F}.Release|Any CPU.ActiveCfg = Release|Any CPU
		{653DA03B-E2ED-4924-832E-C0D60643DF4F}.Release|Any CPU.Build.0 = Release|Any CPU
	EndGlobalSection
	GlobalSection(SolutionProperties) = preSolution
		HideSolutionNode = FALSE
	EndGlobalSection
	GlobalSection(ExtensibilityGlobals) = postSolution
		SolutionGuid = {E8BA94DA-96E3-4AE5-963D-6ED128CDCDD7}
	EndGlobalSection
EndGlobal
